
Microsoft Visual Studio Solution File, Format Version 11.00
# Visual Studio 2010
Project("{FAE04EC0-301F-11D3-BF4B-00C04F79EFBC}") = "Assembly-CSharp", "Assembly-CSharp.csproj", "{20d66d76-6768-6bec-1fe4-7b596944d6e3}"
EndProject
Project("{FAE04EC0-301F-11D3-BF4B-00C04F79EFBC}") = "PhotonUnityNetworking.Demos", "PhotonUnityNetworking.Demos.csproj", "{6810ec6b-7483-9b3b-c7da-909e5b72c664}"
EndProject
Project("{FAE04EC0-301F-11D3-BF4B-00C04F79EFBC}") = "PhotonUnityNetworking.Utilities", "PhotonUnityNetworking.Utilities.csproj", "{e50ba1e9-a71f-26e8-7617-fda75a0195a0}"
EndProject
Project("{FAE04EC0-301F-11D3-BF4B-00C04F79EFBC}") = "PhotonChat", "PhotonChat.csproj", "{8f3f5bc8-a50a-3c77-2819-362499d2f7e7}"
EndProject
Project("{FAE04EC0-301F-11D3-BF4B-00C04F79EFBC}") = "PhotonUnityNetworking", "PhotonUnityNetworking.csproj", "{71498429-d883-9bb2-fd13-8c9fcecb3481}"
EndProject
Project("{FAE04EC0-301F-11D3-BF4B-00C04F79EFBC}") = "PhotonRealtime", "PhotonRealtime.csproj", "{25fbcf67-4e34-95e1-7624-febb00674978}"
EndProject
Project("{FAE04EC0-301F-11D3-BF4B-00C04F79EFBC}") = "Assembly-CSharp-firstpass", "Assembly-CSharp-firstpass.csproj", "{d139ce00-d242-d015-1eb8-148235de8b76}"
EndProject
Project("{FAE04EC0-301F-11D3-BF4B-00C04F79EFBC}") = "PhotonWebSocket", "PhotonWebSocket.csproj", "{efa8a91a-00d4-5cec-6477-a6c28c069463}"
EndProject
Project("{FAE04EC0-301F-11D3-BF4B-00C04F79EFBC}") = "Assembly-CSharp-Editor", "Assembly-CSharp-Editor.csproj", "{1485666b-129d-ce18-1f06-e13fe4e7b9e6}"
EndProject
Project("{FAE04EC0-301F-11D3-BF4B-00C04F79EFBC}") = "PhotonUnityNetworking.Editor", "PhotonUnityNetworking.Editor.csproj", "{b66923c0-4a6b-a3c4-e1ba-1a43df40009a}"
EndProject
Project("{FAE04EC0-301F-11D3-BF4B-00C04F79EFBC}") = "Unity.UniversalToonShader.Urp.Editor", "Unity.UniversalToonShader.Urp.Editor.csproj", "{9b74013a-ce1d-be90-1097-215bfd9afbff}"
EndProject
Project("{FAE04EC0-301F-11D3-BF4B-00C04F79EFBC}") = "PunDemos.DemoHubEditor", "PunDemos.DemoHubEditor.csproj", "{affbca32-2788-bdc1-7a2f-7001d0af851e}"
EndProject
Project("{FAE04EC0-301F-11D3-BF4B-00C04F79EFBC}") = "PhotonUnityNetworking.Utilities.PhotonPlayer.Editor", "PhotonUnityNetworking.Utilities.PhotonPlayer.Editor.csproj", "{d10ada20-ab8f-2e37-159e-ee390ba631f8}"
EndProject
Project("{FAE04EC0-301F-11D3-BF4B-00C04F79EFBC}") = "PhotonUnityNetworking.Utilities.Culling.Editor", "PhotonUnityNetworking.Utilities.Culling.Editor.csproj", "{9ba2bba9-29e5-250f-1224-f19aaac8a84d}"
EndProject
Project("{FAE04EC0-301F-11D3-BF4B-00C04F79EFBC}") = "PunDemos.DemoSlotcarEditor", "PunDemos.DemoSlotcarEditor.csproj", "{c964d4ae-48cb-5754-18bf-7ccbdfaaea33}"
EndProject
Global
	GlobalSection(SolutionConfigurationPlatforms) = preSolution
		Debug|Any CPU = Debug|Any CPU
	EndGlobalSection
	GlobalSection(ProjectConfigurationPlatforms) = postSolution
		{20d66d76-6768-6bec-1fe4-7b596944d6e3}.Debug|Any CPU.ActiveCfg = Debug|Any CPU
		{20d66d76-6768-6bec-1fe4-7b596944d6e3}.Debug|Any CPU.Build.0 = Debug|Any CPU
		{6810ec6b-7483-9b3b-c7da-909e5b72c664}.Debug|Any CPU.ActiveCfg = Debug|Any CPU
		{6810ec6b-7483-9b3b-c7da-909e5b72c664}.Debug|Any CPU.Build.0 = Debug|Any CPU
		{e50ba1e9-a71f-26e8-7617-fda75a0195a0}.Debug|Any CPU.ActiveCfg = Debug|Any CPU
		{e50ba1e9-a71f-26e8-7617-fda75a0195a0}.Debug|Any CPU.Build.0 = Debug|Any CPU
		{8f3f5bc8-a50a-3c77-2819-362499d2f7e7}.Debug|Any CPU.ActiveCfg = Debug|Any CPU
		{8f3f5bc8-a50a-3c77-2819-362499d2f7e7}.Debug|Any CPU.Build.0 = Debug|Any CPU
		{71498429-d883-9bb2-fd13-8c9fcecb3481}.Debug|Any CPU.ActiveCfg = Debug|Any CPU
		{71498429-d883-9bb2-fd13-8c9fcecb3481}.Debug|Any CPU.Build.0 = Debug|Any CPU
		{25fbcf67-4e34-95e1-7624-febb00674978}.Debug|Any CPU.ActiveCfg = Debug|Any CPU
		{25fbcf67-4e34-95e1-7624-febb00674978}.Debug|Any CPU.Build.0 = Debug|Any CPU
		{d139ce00-d242-d015-1eb8-148235de8b76}.Debug|Any CPU.ActiveCfg = Debug|Any CPU
		{d139ce00-d242-d015-1eb8-148235de8b76}.Debug|Any CPU.Build.0 = Debug|Any CPU
		{efa8a91a-00d4-5cec-6477-a6c28c069463}.Debug|Any CPU.ActiveCfg = Debug|Any CPU
		{efa8a91a-00d4-5cec-6477-a6c28c069463}.Debug|Any CPU.Build.0 = Debug|Any CPU
		{1485666b-129d-ce18-1f06-e13fe4e7b9e6}.Debug|Any CPU.ActiveCfg = Debug|Any CPU
		{1485666b-129d-ce18-1f06-e13fe4e7b9e6}.Debug|Any CPU.Build.0 = Debug|Any CPU
		{b66923c0-4a6b-a3c4-e1ba-1a43df40009a}.Debug|Any CPU.ActiveCfg = Debug|Any CPU
		{b66923c0-4a6b-a3c4-e1ba-1a43df40009a}.Debug|Any CPU.Build.0 = Debug|Any CPU
		{9b74013a-ce1d-be90-1097-215bfd9afbff}.Debug|Any CPU.ActiveCfg = Debug|Any CPU
		{9b74013a-ce1d-be90-1097-215bfd9afbff}.Debug|Any CPU.Build.0 = Debug|Any CPU
		{affbca32-2788-bdc1-7a2f-7001d0af851e}.Debug|Any CPU.ActiveCfg = Debug|Any CPU
		{affbca32-2788-bdc1-7a2f-7001d0af851e}.Debug|Any CPU.Build.0 = Debug|Any CPU
		{d10ada20-ab8f-2e37-159e-ee390ba631f8}.Debug|Any CPU.ActiveCfg = Debug|Any CPU
		{d10ada20-ab8f-2e37-159e-ee390ba631f8}.Debug|Any CPU.Build.0 = Debug|Any CPU
		{9ba2bba9-29e5-250f-1224-f19aaac8a84d}.Debug|Any CPU.ActiveCfg = Debug|Any CPU
		{9ba2bba9-29e5-250f-1224-f19aaac8a84d}.Debug|Any CPU.Build.0 = Debug|Any CPU
		{c964d4ae-48cb-5754-18bf-7ccbdfaaea33}.Debug|Any CPU.ActiveCfg = Debug|Any CPU
		{c964d4ae-48cb-5754-18bf-7ccbdfaaea33}.Debug|Any CPU.Build.0 = Debug|Any CPU
	EndGlobalSection
	GlobalSection(SolutionProperties) = preSolution
		HideSolutionNode = FALSE
	EndGlobalSection
EndGlobal
